
Microsoft Visual Studio Solution File, Format Version 12.00
# Visual Studio 2013
VisualStudioVersion = 12.0.40629.0
MinimumVisualStudioVersion = 10.0.40219.1
Project("{FAE04EC0-301F-11D3-BF4B-00C04F79EFBC}") = "EscPosLib", "EscPosLib.csproj", "{FA3C3EAF-7ACC-4714-8CD5-93F2B4FEAE29}"
EndProject
Project("{FAE04EC0-301F-11D3-BF4B-00C04F79EFBC}") = "Tests", "..\Tests\Tests.csproj", "{62645B18-EBB9-488E-AE7E-86A908569C81}"
EndProject
Global
	GlobalSection(SolutionConfigurationPlatforms) = preSolution
		Debug|Any CPU = Debug|Any CPU
		Release|Any CPU = Release|Any CPU
	EndGlobalSection
	GlobalSection(ProjectConfigurationPlatforms) = postSolution
		{FA3C3EAF-7ACC-4714-8CD5-93F2B4FEAE29}.Debug|Any CPU.ActiveCfg = Debug|Any CPU
		{FA3C3EAF-7ACC-4714-8CD5-93F2B4FEAE29}.Debug|Any CPU.Build.0 = Debug|Any CPU
		{FA3C3EAF-7ACC-4714-8CD5-93F2B4FEAE29}.Release|Any CPU.ActiveCfg = Release|Any CPU
		{FA3C3EAF-7ACC-4714-8CD5-93F2B4FEAE29}.Release|Any CPU.Build.0 = Release|Any CPU
		{62645B18-EBB9-488E-AE7E-86A908569C81}.Debug|Any CPU.ActiveCfg = Debug|Any CPU
		{62645B18-EBB9-488E-AE7E-86A908569C81}.Debug|Any CPU.Build.0 = Debug|Any CPU
		{62645B18-EBB9-488E-AE7E-86A908569C81}.Release|Any CPU.ActiveCfg = Release|Any CPU
		{62645B18-EBB9-488E-AE7E-86A908569C81}.Release|Any CPU.Build.0 = Release|Any CPU
	EndGlobalSection
	GlobalSection(SolutionProperties) = preSolution
		HideSolutionNode = FALSE
	EndGlobalSection
EndGlobal
